
Microsoft Visual Studio Solution File, Format Version 12.00
# Visual Studio Version 17
VisualStudioVersion = 17.0.31903.59
MinimumVisualStudioVersion = 10.0.40219.1
Project("{2150E333-8FDC-42A3-9474-1A3956D46DE8}") = "src", "src", "{0031D3EE-9BA7-47FB-AF68-23F169E66C35}"
EndProject
Project("{FAE04EC0-301F-11D3-BF4B-00C04F79EFBC}") = "PowerlineFilter", "src\PowerlineFilter\PowerlineFilter.csproj", "{14F26F40-FED9-4069-9EA6-700C1C403C5F}"
EndProject
Project("{2150E333-8FDC-42A3-9474-1A3956D46DE8}") = "tests", "tests", "{3046DE33-A959-48C0-AF24-DD3EB6DB2462}"
EndProject
Project("{FAE04EC0-301F-11D3-BF4B-00C04F79EFBC}") = "PowerlineFilter.Tests", "tests\PowerlineFilter.Tests\PowerlineFilter.Tests.csproj", "{185F24C5-9A40-46C2-A5DD-2D49B4161396}"
EndProject
Global
	GlobalSection(SolutionConfigurationPlatforms) = preSolution
		Debug|Any CPU = Debug|Any CPU
		Release|Any CPU = Release|Any CPU
	EndGlobalSection
	GlobalSection(SolutionProperties) = preSolution
		HideSolutionNode = FALSE
	EndGlobalSection
	GlobalSection(ProjectConfigurationPlatforms) = postSolution
		{14F26F40-FED9-4069-9EA6-700C1C403C5F}.Debug|Any CPU.ActiveCfg = Debug|Any CPU
		{14F26F40-FED9-4069-9EA6-700C1C403C5F}.Debug|Any CPU.Build.0 = Debug|Any CPU
		{14F26F40-FED9-4069-9EA6-700C1C403C5F}.Release|Any CPU.ActiveCfg = Release|Any CPU
		{14F26F40-FED9-4069-9EA6-700C1C403C5F}.Release|Any CPU.Build.0 = Release|Any CPU
		{185F24C5-9A40-46C2-A5DD-2D49B4161396}.Debug|Any CPU.ActiveCfg = Debug|Any CPU
		{185F24C5-9A40-46C2-A5DD-2D49B4161396}.Debug|Any CPU.Build.0 = Debug|Any CPU
		{185F24C5-9A40-46C2-A5DD-2D49B4161396}.Release|Any CPU.ActiveCfg = Release|Any CPU
		{185F24C5-9A40-46C2-A5DD-2D49B4161396}.Release|Any CPU.Build.0 = Release|Any CPU
	EndGlobalSection
	GlobalSection(NestedProjects) = preSolution
		{14F26F40-FED9-4069-9EA6-700C1C403C5F} = {0031D3EE-9BA7-47FB-AF68-23F169E66C35}
		{185F24C5-9A40-46C2-A5DD-2D49B4161396} = {3046DE33-A959-48C0-AF24-DD3EB6DB2462}
	EndGlobalSection
EndGlobal
